// !$*UTF8*$!
{
archiveVersion = 1;
classes = {};
objectVersion = 56;
objects = {
AB0000000000000000000001 /* AppleServices.swift in Sources */ = {isa = PBXBuildFile; fileRef = AC0000000000000000000001 /* AppleServices.swift */; };
AB0000000000000000000002 /* AssistantStore.swift in Sources */ = {isa = PBXBuildFile; fileRef = AC0000000000000000000002 /* AssistantStore.swift */; };
AB0000000000000000000003 /* BankIntents.swift in Sources */ = {isa = PBXBuildFile; fileRef = AC0000000000000000000003 /* BankIntents.swift */; };
AB0000000000000000000004 /* BankNotification.swift in Sources */ = {isa = PBXBuildFile; fileRef = AC0000000000000000000004 /* BankNotification.swift */; };
AB0000000000000000000005 /* BankSMS.swift in Sources */ = {isa = PBXBuildFile; fileRef = AC0000000000000000000005 /* BankSMS.swift */; };
AB0000000000000000000006 /* BankScreenshotCore.swift in Sources */ = {isa = PBXBuildFile; fileRef = AC0000000000000000000006 /* BankScreenshotCore.swift */; };
AB0000000000000000000007 /* BankScreenshotImportSheet.swift in Sources */ = {isa = PBXBuildFile; fileRef = AC0000000000000000000007 /* BankScreenshotImportSheet.swift */; };
AB0000000000000000000008 /* BankScreenshotOCR.swift in Sources */ = {isa = PBXBuildFile; fileRef = AC0000000000000000000008 /* BankScreenshotOCR.swift */; };
AB0000000000000000000009 /* CareerCompanies.swift in Sources */ = {isa = PBXBuildFile; fileRef = AC0000000000000000000009 /* CareerCompanies.swift */; };
AB000000000000000000000A /* CareerFeed.swift in Sources */ = {isa = PBXBuildFile; fileRef = AC000000000000000000000A /* CareerFeed.swift */; };
AB000000000000000000000B /* CareerModelMatching.swift in Sources */ = {isa = PBXBuildFile; fileRef = AC000000000000000000000B /* CareerModelMatching.swift */; };
AB000000000000000000000C /* CareerModule.swift in Sources */ = {isa = PBXBuildFile; fileRef = AC000000000000000000000C /* CareerModule.swift */; };
AB000000000000000000000D /* CareerNetworking.swift in Sources */ = {isa = PBXBuildFile; fileRef = AC000000000000000000000D /* CareerNetworking.swift */; };
AB000000000000000000000E /* CareerStore.swift in Sources */ = {isa = PBXBuildFile; fileRef = AC000000000000000000000E /* CareerStore.swift */; };
AB000000000000000000000F /* ContentView.swift in Sources */ = {isa = PBXBuildFile; fileRef = AC000000000000000000000F /* ContentView.swift */; };
AB0000000000000000000010 /* DaylightApp.swift in Sources */ = {isa = PBXBuildFile; fileRef = AC0000000000000000000010 /* DaylightApp.swift */; };
AB0000000000000000000011 /* EntrySheet.swift in Sources */ = {isa = PBXBuildFile; fileRef = AC0000000000000000000011 /* EntrySheet.swift */; };
AB0000000000000000000012 /* FinanceModule.swift in Sources */ = {isa = PBXBuildFile; fileRef = AC0000000000000000000012 /* FinanceModule.swift */; };
AB0000000000000000000013 /* HealthModule.swift in Sources */ = {isa = PBXBuildFile; fileRef = AC0000000000000000000013 /* HealthModule.swift */; };
AB0000000000000000000014 /* Models.swift in Sources */ = {isa = PBXBuildFile; fileRef = AC0000000000000000000014 /* Models.swift */; };
AB0000000000000000000015 /* PlanModule.swift in Sources */ = {isa = PBXBuildFile; fileRef = AC0000000000000000000015 /* PlanModule.swift */; };
AB0000000000000000000016 /* PlannerCore.swift in Sources */ = {isa = PBXBuildFile; fileRef = AC0000000000000000000016 /* PlannerCore.swift */; };
AB0000000000000000000017 /* PlannerCredentials.swift in Sources */ = {isa = PBXBuildFile; fileRef = AC0000000000000000000017 /* PlannerCredentials.swift */; };
AB0000000000000000000018 /* PlannerModule.swift in Sources */ = {isa = PBXBuildFile; fileRef = AC0000000000000000000018 /* PlannerModule.swift */; };
AB0000000000000000000019 /* PlannerNetworking.swift in Sources */ = {isa = PBXBuildFile; fileRef = AC0000000000000000000019 /* PlannerNetworking.swift */; };
AB000000000000000000001A /* PlannerSettingsView.swift in Sources */ = {isa = PBXBuildFile; fileRef = AC000000000000000000001A /* PlannerSettingsView.swift */; };
AB000000000000000000001B /* RecordRepository.swift in Sources */ = {isa = PBXBuildFile; fileRef = AC000000000000000000001B /* RecordRepository.swift */; };
AB000000000000000000001C /* SMSInboxPolicy.swift in Sources */ = {isa = PBXBuildFile; fileRef = AC000000000000000000001C /* SMSInboxPolicy.swift */; };
AB000000000000000000001D /* SMSReceptionDiagnostics.swift in Sources */ = {isa = PBXBuildFile; fileRef = AC000000000000000000001D /* SMSReceptionDiagnostics.swift */; };
AB000000000000000000001E /* SMSReceptionDiagnosticsView.swift in Sources */ = {isa = PBXBuildFile; fileRef = AC000000000000000000001E /* SMSReceptionDiagnosticsView.swift */; };
AB000000000000000000001F /* ScheduleAssistantSheet.swift in Sources */ = {isa = PBXBuildFile; fileRef = AC000000000000000000001F /* ScheduleAssistantSheet.swift */; };
AB0000000000000000000020 /* ScheduleCore.swift in Sources */ = {isa = PBXBuildFile; fileRef = AC0000000000000000000020 /* ScheduleCore.swift */; };
AB0000000000000000000021 /* SettingsModule.swift in Sources */ = {isa = PBXBuildFile; fileRef = AC0000000000000000000021 /* SettingsModule.swift */; };
AB0000000000000000000022 /* SummaryNotifications.swift in Sources */ = {isa = PBXBuildFile; fileRef = AC0000000000000000000022 /* SummaryNotifications.swift */; };
AB0000000000000000000023 /* UIComponents.swift in Sources */ = {isa = PBXBuildFile; fileRef = AC0000000000000000000023 /* UIComponents.swift */; };
AB0000000000000000000024 /* UITestSupport.swift in Sources */ = {isa = PBXBuildFile; fileRef = AC0000000000000000000024 /* UITestSupport.swift */; };
AC0000000000000000000001 /* AppleServices.swift */ = {isa = PBXFileReference; lastKnownFileType = sourcecode.swift; path = AppleServices.swift; sourceTree = "<group>"; };
AC0000000000000000000002 /* AssistantStore.swift */ = {isa = PBXFileReference; lastKnownFileType = sourcecode.swift; path = AssistantStore.swift; sourceTree = "<group>"; };
AC0000000000000000000003 /* BankIntents.swift */ = {isa = PBXFileReference; lastKnownFileType = sourcecode.swift; path = BankIntents.swift; sourceTree = "<group>"; };
AC0000000000000000000004 /* BankNotification.swift */ = {isa = PBXFileReference; lastKnownFileType = sourcecode.swift; path = BankNotification.swift; sourceTree = "<group>"; };
AC0000000000000000000005 /* BankSMS.swift */ = {isa = PBXFileReference; lastKnownFileType = sourcecode.swift; path = BankSMS.swift; sourceTree = "<group>"; };
AC0000000000000000000006 /* BankScreenshotCore.swift */ = {isa = PBXFileReference; lastKnownFileType = sourcecode.swift; path = BankScreenshotCore.swift; sourceTree = "<group>"; };
AC0000000000000000000007 /* BankScreenshotImportSheet.swift */ = {isa = PBXFileReference; lastKnownFileType = sourcecode.swift; path = BankScreenshotImportSheet.swift; sourceTree = "<group>"; };
AC0000000000000000000008 /* BankScreenshotOCR.swift */ = {isa = PBXFileReference; lastKnownFileType = sourcecode.swift; path = BankScreenshotOCR.swift; sourceTree = "<group>"; };
AC0000000000000000000009 /* CareerCompanies.swift */ = {isa = PBXFileReference; lastKnownFileType = sourcecode.swift; path = CareerCompanies.swift; sourceTree = "<group>"; };
AC000000000000000000000A /* CareerFeed.swift */ = {isa = PBXFileReference; lastKnownFileType = sourcecode.swift; path = CareerFeed.swift; sourceTree = "<group>"; };
AC000000000000000000000B /* CareerModelMatching.swift */ = {isa = PBXFileReference; lastKnownFileType = sourcecode.swift; path = CareerModelMatching.swift; sourceTree = "<group>"; };
AC000000000000000000000C /* CareerModule.swift */ = {isa = PBXFileReference; lastKnownFileType = sourcecode.swift; path = CareerModule.swift; sourceTree = "<group>"; };
AC000000000000000000000D /* CareerNetworking.swift */ = {isa = PBXFileReference; lastKnownFileType = sourcecode.swift; path = CareerNetworking.swift; sourceTree = "<group>"; };
AC000000000000000000000E /* CareerStore.swift */ = {isa = PBXFileReference; lastKnownFileType = sourcecode.swift; path = CareerStore.swift; sourceTree = "<group>"; };
AC000000000000000000000F /* ContentView.swift */ = {isa = PBXFileReference; lastKnownFileType = sourcecode.swift; path = ContentView.swift; sourceTree = "<group>"; };
AC0000000000000000000010 /* DaylightApp.swift */ = {isa = PBXFileReference; lastKnownFileType = sourcecode.swift; path = DaylightApp.swift; sourceTree = "<group>"; };
AC0000000000000000000011 /* EntrySheet.swift */ = {isa = PBXFileReference; lastKnownFileType = sourcecode.swift; path = EntrySheet.swift; sourceTree = "<group>"; };
AC0000000000000000000012 /* FinanceModule.swift */ = {isa = PBXFileReference; lastKnownFileType = sourcecode.swift; path = FinanceModule.swift; sourceTree = "<group>"; };
AC0000000000000000000013 /* HealthModule.swift */ = {isa = PBXFileReference; lastKnownFileType = sourcecode.swift; path = HealthModule.swift; sourceTree = "<group>"; };
AC0000000000000000000014 /* Models.swift */ = {isa = PBXFileReference; lastKnownFileType = sourcecode.swift; path = Models.swift; sourceTree = "<group>"; };
AC0000000000000000000015 /* PlanModule.swift */ = {isa = PBXFileReference; lastKnownFileType = sourcecode.swift; path = PlanModule.swift; sourceTree = "<group>"; };
AC0000000000000000000016 /* PlannerCore.swift */ = {isa = PBXFileReference; lastKnownFileType = sourcecode.swift; path = PlannerCore.swift; sourceTree = "<group>"; };
AC0000000000000000000017 /* PlannerCredentials.swift */ = {isa = PBXFileReference; lastKnownFileType = sourcecode.swift; path = PlannerCredentials.swift; sourceTree = "<group>"; };
AC0000000000000000000018 /* PlannerModule.swift */ = {isa = PBXFileReference; lastKnownFileType = sourcecode.swift; path = PlannerModule.swift; sourceTree = "<group>"; };
AC0000000000000000000019 /* PlannerNetworking.swift */ = {isa = PBXFileReference; lastKnownFileType = sourcecode.swift; path = PlannerNetworking.swift; sourceTree = "<group>"; };
AC000000000000000000001A /* PlannerSettingsView.swift */ = {isa = PBXFileReference; lastKnownFileType = sourcecode.swift; path = PlannerSettingsView.swift; sourceTree = "<group>"; };
AC000000000000000000001B /* RecordRepository.swift */ = {isa = PBXFileReference; lastKnownFileType = sourcecode.swift; path = RecordRepository.swift; sourceTree = "<group>"; };
AC000000000000000000001C /* SMSInboxPolicy.swift */ = {isa = PBXFileReference; lastKnownFileType = sourcecode.swift; path = SMSInboxPolicy.swift; sourceTree = "<group>"; };
AC000000000000000000001D /* SMSReceptionDiagnostics.swift */ = {isa = PBXFileReference; lastKnownFileType = sourcecode.swift; path = SMSReceptionDiagnostics.swift; sourceTree = "<group>"; };
AC000000000000000000001E /* SMSReceptionDiagnosticsView.swift */ = {isa = PBXFileReference; lastKnownFileType = sourcecode.swift; path = SMSReceptionDiagnosticsView.swift; sourceTree = "<group>"; };
AC000000000000000000001F /* ScheduleAssistantSheet.swift */ = {isa = PBXFileReference; lastKnownFileType = sourcecode.swift; path = ScheduleAssistantSheet.swift; sourceTree = "<group>"; };
AC0000000000000000000020 /* ScheduleCore.swift */ = {isa = PBXFileReference; lastKnownFileType = sourcecode.swift; path = ScheduleCore.swift; sourceTree = "<group>"; };
AC0000000000000000000021 /* SettingsModule.swift */ = {isa = PBXFileReference; lastKnownFileType = sourcecode.swift; path = SettingsModule.swift; sourceTree = "<group>"; };
AC0000000000000000000022 /* SummaryNotifications.swift */ = {isa = PBXFileReference; lastKnownFileType = sourcecode.swift; path = SummaryNotifications.swift; sourceTree = "<group>"; };
AC0000000000000000000023 /* UIComponents.swift */ = {isa = PBXFileReference; lastKnownFileType = sourcecode.swift; path = UIComponents.swift; sourceTree = "<group>"; };
AC0000000000000000000024 /* UITestSupport.swift */ = {isa = PBXFileReference; lastKnownFileType = sourcecode.swift; path = UITestSupport.swift; sourceTree = "<group>"; };
AE0000000000000000000001 /* DaylightUITests.swift in Sources */ = {isa = PBXBuildFile; fileRef = AF0000000000000000000001 /* DaylightUITests.swift */; };
AF0000000000000000000001 /* DaylightUITests.swift */ = {isa = PBXFileReference; lastKnownFileType = sourcecode.swift; path = DaylightUITests.swift; sourceTree = "<group>"; };
AA0000000000000000000010 = {isa = PBXFileReference; lastKnownFileType = text.plist.xml; path = Info.plist; sourceTree = "<group>"; };
AA0000000000000000000011 = {isa = PBXFileReference; lastKnownFileType = text.plist.entitlements; path = Daylight.entitlements; sourceTree = "<group>"; };
AA0000000000000000000012 = {isa = PBXFileReference; lastKnownFileType = folder.assetcatalog; path = Assets.xcassets; sourceTree = "<group>"; };
AA0000000000000000000014 = {isa = PBXFileReference; lastKnownFileType = text.plist.xml; path = PrivacyInfo.xcprivacy; sourceTree = "<group>"; };
AA0000000000000000000016 = {isa = PBXFileReference; lastKnownFileType = text.json; path = CareerSeed.json; sourceTree = "<group>"; };
AA0000000000000000000013 = {isa = PBXBuildFile; fileRef = AA0000000000000000000012; };
AA0000000000000000000015 = {isa = PBXBuildFile; fileRef = AA0000000000000000000014; };
AA0000000000000000000017 = {isa = PBXBuildFile; fileRef = AA0000000000000000000016; };
AA0000000000000000000005 = {isa = PBXFileReference; explicitFileType = wrapper.application; includeInIndex = 0; path = Daylight.app; sourceTree = BUILT_PRODUCTS_DIR; };
AD0000000000000000000002 = {isa = PBXFileReference; explicitFileType = wrapper.cfbundle; includeInIndex = 0; path = DaylightUITests.xctest; sourceTree = BUILT_PRODUCTS_DIR; };
AA0000000000000000000002 = {isa = PBXGroup; children = (AA0000000000000000000003, AD0000000000000000000001, AA0000000000000000000004); sourceTree = "<group>"; };
AA0000000000000000000003 = {isa = PBXGroup; children = (AC0000000000000000000001, AC0000000000000000000002, AC0000000000000000000003, AC0000000000000000000004, AC0000000000000000000005, AC0000000000000000000006, AC0000000000000000000007, AC0000000000000000000008, AC0000000000000000000009, AC000000000000000000000A, AC000000000000000000000B, AC000000000000000000000C, AC000000000000000000000D, AC000000000000000000000E, AC000000000000000000000F, AC0000000000000000000010, AC0000000000000000000011, AC0000000000000000000012, AC0000000000000000000013, AC0000000000000000000014, AC0000000000000000000015, AC0000000000000000000016, AC0000000000000000000017, AC0000000000000000000018, AC0000000000000000000019, AC000000000000000000001A, AC000000000000000000001B, AC000000000000000000001C, AC000000000000000000001D, AC000000000000000000001E, AC000000000000000000001F, AC0000000000000000000020, AC0000000000000000000021, AC0000000000000000000022, AC0000000000000000000023, AC0000000000000000000024, AA0000000000000000000010, AA0000000000000000000011, AA0000000000000000000012, AA0000000000000000000014, AA0000000000000000000016); path = Daylight; sourceTree = "<group>"; };
AD0000000000000000000001 = {isa = PBXGroup; children = (AF0000000000000000000001); path = DaylightUITests; sourceTree = "<group>"; };
AA0000000000000000000004 = {isa = PBXGroup; children = (AA0000000000000000000005, AD0000000000000000000002); name = Products; sourceTree = "<group>"; };
AA0000000000000000000007 = {isa = PBXSourcesBuildPhase; buildActionMask = 2147483647; files = (AB0000000000000000000001, AB0000000000000000000002, AB0000000000000000000003, AB0000000000000000000004, AB0000000000000000000005, AB0000000000000000000006, AB0000000000000000000007, AB0000000000000000000008, AB0000000000000000000009, AB000000000000000000000A, AB000000000000000000000B, AB000000000000000000000C, AB000000000000000000000D, AB000000000000000000000E, AB000000000000000000000F, AB0000000000000000000010, AB0000000000000000000011, AB0000000000000000000012, AB0000000000000000000013, AB0000000000000000000014, AB0000000000000000000015, AB0000000000000000000016, AB0000000000000000000017, AB0000000000000000000018, AB0000000000000000000019, AB000000000000000000001A, AB000000000000000000001B, AB000000000000000000001C, AB000000000000000000001D, AB000000000000000000001E, AB000000000000000000001F, AB0000000000000000000020, AB0000000000000000000021, AB0000000000000000000022, AB0000000000000000000023, AB0000000000000000000024); runOnlyForDeploymentPostprocessing = 0; };
AA0000000000000000000008 = {isa = PBXFrameworksBuildPhase; buildActionMask = 2147483647; files = (); runOnlyForDeploymentPostprocessing = 0; };
AA0000000000000000000009 = {isa = PBXResourcesBuildPhase; buildActionMask = 2147483647; files = (AA0000000000000000000013, AA0000000000000000000015, AA0000000000000000000017); runOnlyForDeploymentPostprocessing = 0; };
AD0000000000000000000004 = {isa = PBXSourcesBuildPhase; buildActionMask = 2147483647; files = (AE0000000000000000000001); runOnlyForDeploymentPostprocessing = 0; };
AD0000000000000000000005 = {isa = PBXFrameworksBuildPhase; buildActionMask = 2147483647; files = (); runOnlyForDeploymentPostprocessing = 0; };
AD0000000000000000000006 = {isa = PBXResourcesBuildPhase; buildActionMask = 2147483647; files = (); runOnlyForDeploymentPostprocessing = 0; };
AD000000000000000000000A = {isa = PBXContainerItemProxy; containerPortal = AA0000000000000000000001; proxyType = 1; remoteGlobalIDString = AA0000000000000000000006; remoteInfo = Daylight; };
AD000000000000000000000B = {isa = PBXTargetDependency; target = AA0000000000000000000006; targetProxy = AD000000000000000000000A; };
AA0000000000000000000006 = {isa = PBXNativeTarget; buildConfigurationList = AA000000000000000000000B; buildPhases = (AA0000000000000000000007, AA0000000000000000000008, AA0000000000000000000009); buildRules = (); dependencies = (); name = Daylight; productName = Daylight; productReference = AA0000000000000000000005; productType = "com.apple.product-type.application"; };
AD0000000000000000000003 = {isa = PBXNativeTarget; buildConfigurationList = AD0000000000000000000007; buildPhases = (AD0000000000000000000004, AD0000000000000000000005, AD0000000000000000000006); buildRules = (); dependencies = (AD000000000000000000000B); name = DaylightUITests; productName = DaylightUITests; productReference = AD0000000000000000000002; productType = "com.apple.product-type.bundle.ui-testing"; };
AA0000000000000000000001 = {isa = PBXProject; attributes = {BuildIndependentTargetsInParallel = YES; LastUpgradeCheck = 1500; TargetAttributes = {AA0000000000000000000006 = {CreatedOnToolsVersion = 15.0; SystemCapabilities = {com.apple.HealthKit = {enabled = 1;};};}; AD0000000000000000000003 = {CreatedOnToolsVersion = 15.0; TestTargetID = AA0000000000000000000006;};};}; buildConfigurationList = AA000000000000000000000A; compatibilityVersion = "Xcode 14.0"; developmentRegion = zh_CN; hasScannedForEncodings = 0; knownRegions = (en, "zh-Hans", Base); mainGroup = AA0000000000000000000002; productRefGroup = AA0000000000000000000004; projectDirPath = ""; projectRoot = ""; targets = (AA0000000000000000000006, AD0000000000000000000003); };
AA000000000000000000000C = {isa = XCBuildConfiguration; buildSettings = {CLANG_ENABLE_MODULES = YES; SWIFT_OPTIMIZATION_LEVEL = "-Onone"; DEBUG_INFORMATION_FORMAT = dwarf; GCC_PREPROCESSOR_DEFINITIONS = ("DEBUG=1", "$(inherited)"); SWIFT_ACTIVE_COMPILATION_CONDITIONS = DEBUG;}; name = Debug; };
AA000000000000000000000D = {isa = XCBuildConfiguration; buildSettings = {CLANG_ENABLE_MODULES = YES; SWIFT_OPTIMIZATION_LEVEL = "-O"; DEBUG_INFORMATION_FORMAT = "dwarf-with-dsym"; SWIFT_COMPILATION_MODE = wholemodule;}; name = Release; };
AA000000000000000000000E = {isa = XCBuildConfiguration; buildSettings = {CODE_SIGN_STYLE = Automatic; CODE_SIGN_ENTITLEMENTS = Daylight/Daylight.entitlements; GENERATE_INFOPLIST_FILE = NO; INFOPLIST_FILE = Daylight/Info.plist; IPHONEOS_DEPLOYMENT_TARGET = 17.0; LD_RUNPATH_SEARCH_PATHS = ("$(inherited)", "@executable_path/Frameworks"); PRODUCT_BUNDLE_IDENTIFIER = com.personalassistant.Daylight; PRODUCT_NAME = "$(TARGET_NAME)"; SDKROOT = iphoneos; SUPPORTED_PLATFORMS = "iphoneos iphonesimulator"; SUPPORTS_MACCATALYST = NO; SWIFT_VERSION = 5.0; TARGETED_DEVICE_FAMILY = 1; ASSETCATALOG_COMPILER_APPICON_NAME = AppIcon;}; name = Debug; };
AA000000000000000000000F = {isa = XCBuildConfiguration; buildSettings = {CODE_SIGN_STYLE = Automatic; CODE_SIGN_ENTITLEMENTS = Daylight/Daylight.entitlements; GENERATE_INFOPLIST_FILE = NO; INFOPLIST_FILE = Daylight/Info.plist; IPHONEOS_DEPLOYMENT_TARGET = 17.0; LD_RUNPATH_SEARCH_PATHS = ("$(inherited)", "@executable_path/Frameworks"); PRODUCT_BUNDLE_IDENTIFIER = com.personalassistant.Daylight; PRODUCT_NAME = "$(TARGET_NAME)"; SDKROOT = iphoneos; SUPPORTED_PLATFORMS = "iphoneos iphonesimulator"; SUPPORTS_MACCATALYST = NO; SWIFT_VERSION = 5.0; TARGETED_DEVICE_FAMILY = 1; ASSETCATALOG_COMPILER_APPICON_NAME = AppIcon;}; name = Release; };
AD0000000000000000000008 = {isa = XCBuildConfiguration; buildSettings = {CODE_SIGN_STYLE = Automatic; GENERATE_INFOPLIST_FILE = YES; IPHONEOS_DEPLOYMENT_TARGET = 17.0; LD_RUNPATH_SEARCH_PATHS = ("$(inherited)", "@executable_path/Frameworks", "@loader_path/Frameworks"); PRODUCT_BUNDLE_IDENTIFIER = com.personalassistant.DaylightUITests; PRODUCT_NAME = "$(TARGET_NAME)"; SDKROOT = iphoneos; SUPPORTED_PLATFORMS = "iphonesimulator"; SUPPORTS_MACCATALYST = NO; SWIFT_VERSION = 5.0; TARGETED_DEVICE_FAMILY = 1; TEST_TARGET_NAME = Daylight;}; name = Debug; };
AD0000000000000000000009 = {isa = XCBuildConfiguration; buildSettings = {CODE_SIGN_STYLE = Automatic; GENERATE_INFOPLIST_FILE = YES; IPHONEOS_DEPLOYMENT_TARGET = 17.0; LD_RUNPATH_SEARCH_PATHS = ("$(inherited)", "@executable_path/Frameworks", "@loader_path/Frameworks"); PRODUCT_BUNDLE_IDENTIFIER = com.personalassistant.DaylightUITests; PRODUCT_NAME = "$(TARGET_NAME)"; SDKROOT = iphoneos; SUPPORTED_PLATFORMS = "iphonesimulator"; SUPPORTS_MACCATALYST = NO; SWIFT_VERSION = 5.0; TARGETED_DEVICE_FAMILY = 1; TEST_TARGET_NAME = Daylight;}; name = Release; };
AA000000000000000000000A = {isa = XCConfigurationList; buildConfigurations = (AA000000000000000000000C, AA000000000000000000000D); defaultConfigurationIsVisible = 0; defaultConfigurationName = Release; };
AA000000000000000000000B = {isa = XCConfigurationList; buildConfigurations = (AA000000000000000000000E, AA000000000000000000000F); defaultConfigurationIsVisible = 0; defaultConfigurationName = Release; };
AD0000000000000000000007 = {isa = XCConfigurationList; buildConfigurations = (AD0000000000000000000008, AD0000000000000000000009); defaultConfigurationIsVisible = 0; defaultConfigurationName = Release; };
};
rootObject = AA0000000000000000000001;
}
